
Microsoft Visual Studio Solution File, Format Version 12.00
# Visual Studio 2013
VisualStudioVersion = 12.0.21005.1
MinimumVisualStudioVersion = 10.0.40219.1
Project("{2150E333-8FDC-42A3-9474-1A3956D46DE8}") = "Model", "Model", "{2B737670-54AD-4E2F-800F-6BDFBFA290CF}"
EndProject
Project("{2150E333-8FDC-42A3-9474-1A3956D46DE8}") = "DAL", "DAL", "{93FF58BA-3B3E-4754-8605-1F9FD588CDC2}"
EndProject
Project("{FAE04EC0-301F-11D3-BF4B-00C04F79EFBC}") = "DAL.Base", "DAL\Dal.Base\DAL.Base.csproj", "{01784936-1A41-4A78-9D60-4AF43148FF6A}"
EndProject
Project("{FAE04EC0-301F-11D3-BF4B-00C04F79EFBC}") = "DAL.ruanmou", "DAL\DAL.ruanmou\DAL.ruanmou.csproj", "{D2701907-8F16-4239-B4A9-765ECDB4B299}"
EndProject
Project("{FAE04EC0-301F-11D3-BF4B-00C04F79EFBC}") = "Utility", "DAL\Utility\Utility.csproj", "{60AE89DB-CA63-4F3B-BECB-6D50EA98264A}"
EndProject
Project("{FAE04EC0-301F-11D3-BF4B-00C04F79EFBC}") = "Model.Base", "Model\Model.base\Model.Base.csproj", "{801D39EA-BF6C-43B7-9137-66F3FC72D20B}"
EndProject
Project("{FAE04EC0-301F-11D3-BF4B-00C04F79EFBC}") = "Model.ruanmou", "Model\Model.ruanmou\Model.ruanmou.csproj", "{2C06D54D-49E9-4332-A4C2-0B13B1E56482}"
EndProject
Project("{FAE04EC0-301F-11D3-BF4B-00C04F79EFBC}") = "web", "web\web.csproj", "{F5DB40C6-9E75-4AE9-819E-A264C7485F0F}"
EndProject
Global
	GlobalSection(SolutionConfigurationPlatforms) = preSolution
		Debug|Any CPU = Debug|Any CPU
		Debug|x64 = Debug|x64
		Release|Any CPU = Release|Any CPU
		Release|x64 = Release|x64
	EndGlobalSection
	GlobalSection(ProjectConfigurationPlatforms) = postSolution
		{01784936-1A41-4A78-9D60-4AF43148FF6A}.Debug|Any CPU.ActiveCfg = Debug|Any CPU
		{01784936-1A41-4A78-9D60-4AF43148FF6A}.Debug|Any CPU.Build.0 = Debug|Any CPU
		{01784936-1A41-4A78-9D60-4AF43148FF6A}.Debug|x64.ActiveCfg = Debug|x64
		{01784936-1A41-4A78-9D60-4AF43148FF6A}.Debug|x64.Build.0 = Debug|x64
		{01784936-1A41-4A78-9D60-4AF43148FF6A}.Release|Any CPU.ActiveCfg = Release|Any CPU
		{01784936-1A41-4A78-9D60-4AF43148FF6A}.Release|Any CPU.Build.0 = Release|Any CPU
		{01784936-1A41-4A78-9D60-4AF43148FF6A}.Release|x64.ActiveCfg = Release|x64
		{01784936-1A41-4A78-9D60-4AF43148FF6A}.Release|x64.Build.0 = Release|x64
		{D2701907-8F16-4239-B4A9-765ECDB4B299}.Debug|Any CPU.ActiveCfg = Debug|Any CPU
		{D2701907-8F16-4239-B4A9-765ECDB4B299}.Debug|Any CPU.Build.0 = Debug|Any CPU
		{D2701907-8F16-4239-B4A9-765ECDB4B299}.Debug|x64.ActiveCfg = Debug|Any CPU
		{D2701907-8F16-4239-B4A9-765ECDB4B299}.Release|Any CPU.ActiveCfg = Release|Any CPU
		{D2701907-8F16-4239-B4A9-765ECDB4B299}.Release|Any CPU.Build.0 = Release|Any CPU
		{D2701907-8F16-4239-B4A9-765ECDB4B299}.Release|x64.ActiveCfg = Release|Any CPU
		{60AE89DB-CA63-4F3B-BECB-6D50EA98264A}.Debug|Any CPU.ActiveCfg = Debug|Any CPU
		{60AE89DB-CA63-4F3B-BECB-6D50EA98264A}.Debug|Any CPU.Build.0 = Debug|Any CPU
		{60AE89DB-CA63-4F3B-BECB-6D50EA98264A}.Debug|x64.ActiveCfg = Debug|x64
		{60AE89DB-CA63-4F3B-BECB-6D50EA98264A}.Debug|x64.Build.0 = Debug|x64
		{60AE89DB-CA63-4F3B-BECB-6D50EA98264A}.Release|Any CPU.ActiveCfg = Release|Any CPU
		{60AE89DB-CA63-4F3B-BECB-6D50EA98264A}.Release|Any CPU.Build.0 = Release|Any CPU
		{60AE89DB-CA63-4F3B-BECB-6D50EA98264A}.Release|x64.ActiveCfg = Release|x64
		{60AE89DB-CA63-4F3B-BECB-6D50EA98264A}.Release|x64.Build.0 = Release|x64
		{801D39EA-BF6C-43B7-9137-66F3FC72D20B}.Debug|Any CPU.ActiveCfg = Debug|Any CPU
		{801D39EA-BF6C-43B7-9137-66F3FC72D20B}.Debug|Any CPU.Build.0 = Debug|Any CPU
		{801D39EA-BF6C-43B7-9137-66F3FC72D20B}.Debug|x64.ActiveCfg = Debug|x64
		{801D39EA-BF6C-43B7-9137-66F3FC72D20B}.Debug|x64.Build.0 = Debug|x64
		{801D39EA-BF6C-43B7-9137-66F3FC72D20B}.Release|Any CPU.ActiveCfg = Release|Any CPU
		{801D39EA-BF6C-43B7-9137-66F3FC72D20B}.Release|Any CPU.Build.0 = Release|Any CPU
		{801D39EA-BF6C-43B7-9137-66F3FC72D20B}.Release|x64.ActiveCfg = Release|x64
		{801D39EA-BF6C-43B7-9137-66F3FC72D20B}.Release|x64.Build.0 = Release|x64
		{2C06D54D-49E9-4332-A4C2-0B13B1E56482}.Debug|Any CPU.ActiveCfg = Debug|Any CPU
		{2C06D54D-49E9-4332-A4C2-0B13B1E56482}.Debug|Any CPU.Build.0 = Debug|Any CPU
		{2C06D54D-49E9-4332-A4C2-0B13B1E56482}.Debug|x64.ActiveCfg = Debug|Any CPU
		{2C06D54D-49E9-4332-A4C2-0B13B1E56482}.Release|Any CPU.ActiveCfg = Release|Any CPU
		{2C06D54D-49E9-4332-A4C2-0B13B1E56482}.Release|Any CPU.Build.0 = Release|Any CPU
		{2C06D54D-49E9-4332-A4C2-0B13B1E56482}.Release|x64.ActiveCfg = Release|Any CPU
		{F5DB40C6-9E75-4AE9-819E-A264C7485F0F}.Debug|Any CPU.ActiveCfg = Debug|Any CPU
		{F5DB40C6-9E75-4AE9-819E-A264C7485F0F}.Debug|Any CPU.Build.0 = Debug|Any CPU
		{F5DB40C6-9E75-4AE9-819E-A264C7485F0F}.Debug|x64.ActiveCfg = Debug|Any CPU
		{F5DB40C6-9E75-4AE9-819E-A264C7485F0F}.Release|Any CPU.ActiveCfg = Release|Any CPU
		{F5DB40C6-9E75-4AE9-819E-A264C7485F0F}.Release|Any CPU.Build.0 = Release|Any CPU
		{F5DB40C6-9E75-4AE9-819E-A264C7485F0F}.Release|x64.ActiveCfg = Release|Any CPU
	EndGlobalSection
	GlobalSection(SolutionProperties) = preSolution
		HideSolutionNode = FALSE
	EndGlobalSection
	GlobalSection(NestedProjects) = preSolution
		{801D39EA-BF6C-43B7-9137-66F3FC72D20B} = {2B737670-54AD-4E2F-800F-6BDFBFA290CF}
		{2C06D54D-49E9-4332-A4C2-0B13B1E56482} = {2B737670-54AD-4E2F-800F-6BDFBFA290CF}
		{01784936-1A41-4A78-9D60-4AF43148FF6A} = {93FF58BA-3B3E-4754-8605-1F9FD588CDC2}
		{D2701907-8F16-4239-B4A9-765ECDB4B299} = {93FF58BA-3B3E-4754-8605-1F9FD588CDC2}
		{60AE89DB-CA63-4F3B-BECB-6D50EA98264A} = {93FF58BA-3B3E-4754-8605-1F9FD588CDC2}
	EndGlobalSection
EndGlobal
